// !$*UTF8*$!
{
	archiveVersion = 1;
	classes = {
	};
	objectVersion = 50;
	objects = {

/* Begin PBXBuildFile section */
		4747AA11225C009E007FA46A /* AppDelegate.m in Sources */ = {isa = PBXBuildFile; fileRef = 4747AA10225C009E007FA46A /* AppDelegate.m */; };
		4747AA14225C009E007FA46A /* ViewController.m in Sources */ = {isa = PBXBuildFile; fileRef = 4747AA13225C009E007FA46A /* ViewController.m */; };
		4747AA17225C009E007FA46A /* Main.storyboard in Resources */ = {isa = PBXBuildFile; fileRef = 4747AA15225C009E007FA46A /* Main.storyboard */; };
		4747AA19225C009F007FA46A /* Assets.xcassets in Resources */ = {isa = PBXBuildFile; fileRef = 4747AA18225C009F007FA46A /* Assets.xcassets */; };
		4747AA1C225C009F007FA46A /* LaunchScreen.storyboard in Resources */ = {isa = PBXBuildFile; fileRef = 4747AA1A225C009F007FA46A /* LaunchScreen.storyboard */; };
		4747AA1F225C009F007FA46A /* main.m in Sources */ = {isa = PBXBuildFile; fileRef = 4747AA1E225C009F007FA46A /* main.m */; };
		4747AA23225C009F007FA46A /* Dice Bag WatchKit App.app in Embed Watch Content */ = {isa = PBXBuildFile; fileRef = 4747AA22225C009F007FA46A /* Dice Bag WatchKit App.app */; };
		4747AA29225C009F007FA46A /* Interface.storyboard in Resources */ = {isa = PBXBuildFile; fileRef = 4747AA27225C009F007FA46A /* Interface.storyboard */; };
		4747AA2B225C009F007FA46A /* Assets.xcassets in Resources */ = {isa = PBXBuildFile; fileRef = 4747AA2A225C009F007FA46A /* Assets.xcassets */; };
		4747AA32225C009F007FA46A /* Dice Bag WatchKit Extension.appex in Embed App Extensions */ = {isa = PBXBuildFile; fileRef = 4747AA31225C009F007FA46A /* Dice Bag WatchKit Extension.appex */; settings = {ATTRIBUTES = (RemoveHeadersOnCopy, ); }; };
		4747AA38225C009F007FA46A /* InterfaceController.m in Sources */ = {isa = PBXBuildFile; fileRef = 4747AA37225C009F007FA46A /* InterfaceController.m */; };
		4747AA3B225C009F007FA46A /* ExtensionDelegate.m in Sources */ = {isa = PBXBuildFile; fileRef = 4747AA3A225C009F007FA46A /* ExtensionDelegate.m */; };
		4747AA3E225C009F007FA46A /* ComplicationController.m in Sources */ = {isa = PBXBuildFile; fileRef = 4747AA3D225C009F007FA46A /* ComplicationController.m */; };
		4747AA40225C00A0007FA46A /* Assets.xcassets in Resources */ = {isa = PBXBuildFile; fileRef = 4747AA3F225C00A0007FA46A /* Assets.xcassets */; };
		47B74B59225D6E7D008686DB /* DiceBag.m in Sources */ = {isa = PBXBuildFile; fileRef = 47B74B58225D6E7D008686DB /* DiceBag.m */; };
		47B74B5A225D6E7D008686DB /* DiceBag.m in Sources */ = {isa = PBXBuildFile; fileRef = 47B74B58225D6E7D008686DB /* DiceBag.m */; };
		47D93CB0225C31720008FBB7 /* DiceResultRowController.m in Sources */ = {isa = PBXBuildFile; fileRef = 47D93CAF225C31720008FBB7 /* DiceResultRowController.m */; };
/* End PBXBuildFile section */

/* Begin PBXContainerItemProxy section */
		4747AA24225C009F007FA46A /* PBXContainerItemProxy */ = {
			isa = PBXContainerItemProxy;
			containerPortal = 4747AA04225C009D007FA46A /* Project object */;
			proxyType = 1;
			remoteGlobalIDString = 4747AA21225C009F007FA46A;
			remoteInfo = "Dice Bag WatchKit App";
		};
		4747AA33225C009F007FA46A /* PBXContainerItemProxy */ = {
			isa = PBXContainerItemProxy;
			containerPortal = 4747AA04225C009D007FA46A /* Project object */;
			proxyType = 1;
			remoteGlobalIDString = 4747AA30225C009F007FA46A;
			remoteInfo = "Dice Bag WatchKit Extension";
		};
/* End PBXContainerItemProxy section */

/* Begin PBXCopyFilesBuildPhase section */
		4747AA47225C00A0007FA46A /* Embed App Extensions */ = {
			isa = PBXCopyFilesBuildPhase;
			buildActionMask = 2147483647;
			dstPath = "";
			dstSubfolderSpec = 13;
			files = (
				4747AA32225C009F007FA46A /* Dice Bag WatchKit Extension.appex in Embed App Extensions */,
			);
			name = "Embed App Extensions";
			runOnlyForDeploymentPostprocessing = 0;
		};
		4747AA4B225C00A0007FA46A /* Embed Watch Content */ = {
			isa = PBXCopyFilesBuildPhase;
			buildActionMask = 2147483647;
			dstPath = "$(CONTENTS_FOLDER_PATH)/Watch";
			dstSubfolderSpec = 16;
			files = (
				4747AA23225C009F007FA46A /* Dice Bag WatchKit App.app in Embed Watch Content */,
			);
			name = "Embed Watch Content";
			runOnlyForDeploymentPostprocessing = 0;
		};
/* End PBXCopyFilesBuildPhase section */

/* Begin PBXFileReference section */
		4747AA0C225C009E007FA46A /* Dice Bag.app */ = {isa = PBXFileReference; explicitFileType = wrapper.application; includeInIndex = 0; path = "Dice Bag.app"; sourceTree = BUILT_PRODUCTS_DIR; };
		4747AA0F225C009E007FA46A /* AppDelegate.h */ = {isa = PBXFileReference; lastKnownFileType = sourcecode.c.h; path = AppDelegate.h; sourceTree = "<group>"; };
		4747AA10225C009E007FA46A /* AppDelegate.m */ = {isa = PBXFileReference; lastKnownFileType = sourcecode.c.objc; path = AppDelegate.m; sourceTree = "<group>"; };
		4747AA12225C009E007FA46A /* ViewController.h */ = {isa = PBXFileReference; lastKnownFileType = sourcecode.c.h; path = ViewController.h; sourceTree = "<group>"; };
		4747AA13225C009E007FA46A /* ViewController.m */ = {isa = PBXFileReference; lastKnownFileType = sourcecode.c.objc; path = ViewController.m; sourceTree = "<group>"; };
		4747AA16225C009E007FA46A /* Base */ = {isa = PBXFileReference; lastKnownFileType = file.storyboard; name = Base; path = Base.lproj/Main.storyboard; sourceTree = "<group>"; };
		4747AA18225C009F007FA46A /* Assets.xcassets */ = {isa = PBXFileReference; lastKnownFileType = folder.assetcatalog; path = Assets.xcassets; sourceTree = "<group>"; };
		4747AA1B225C009F007FA46A /* Base */ = {isa = PBXFileReference; lastKnownFileType = file.storyboard; name = Base; path = Base.lproj/LaunchScreen.storyboard; sourceTree = "<group>"; };
		4747AA1D225C009F007FA46A /* Info.plist */ = {isa = PBXFileReference; lastKnownFileType = text.plist.xml; path = Info.plist; sourceTree = "<group>"; };
		4747AA1E225C009F007FA46A /* main.m */ = {isa = PBXFileReference; lastKnownFileType = sourcecode.c.objc; path = main.m; sourceTree = "<group>"; };
		4747AA22225C009F007FA46A /* Dice Bag WatchKit App.app */ = {isa = PBXFileReference; explicitFileType = wrapper.application; includeInIndex = 0; path = "Dice Bag WatchKit App.app"; sourceTree = BUILT_PRODUCTS_DIR; };
		4747AA28225C009F007FA46A /* Base */ = {isa = PBXFileReference; lastKnownFileType = file.storyboard; name = Base; path = Base.lproj/Interface.storyboard; sourceTree = "<group>"; };
		4747AA2A225C009F007FA46A /* Assets.xcassets */ = {isa = PBXFileReference; lastKnownFileType = folder.assetcatalog; path = Assets.xcassets; sourceTree = "<group>"; };
		4747AA2C225C009F007FA46A /* Info.plist */ = {isa = PBXFileReference; lastKnownFileType = text.plist.xml; path = Info.plist; sourceTree = "<group>"; };
		4747AA31225C009F007FA46A /* Dice Bag WatchKit Extension.appex */ = {isa = PBXFileReference; explicitFileType = "wrapper.app-extension"; includeInIndex = 0; path = "Dice Bag WatchKit Extension.appex"; sourceTree = BUILT_PRODUCTS_DIR; };
		4747AA36225C009F007FA46A /* InterfaceController.h */ = {isa = PBXFileReference; lastKnownFileType = sourcecode.c.h; path = InterfaceController.h; sourceTree = "<group>"; };
		4747AA37225C009F007FA46A /* InterfaceController.m */ = {isa = PBXFileReference; lastKnownFileType = sourcecode.c.objc; path = InterfaceController.m; sourceTree = "<group>"; };
		4747AA39225C009F007FA46A /* ExtensionDelegate.h */ = {isa = PBXFileReference; lastKnownFileType = sourcecode.c.h; path = ExtensionDelegate.h; sourceTree = "<group>"; };
		4747AA3A225C009F007FA46A /* ExtensionDelegate.m */ = {isa = PBXFileReference; lastKnownFileType = sourcecode.c.objc; path = ExtensionDelegate.m; sourceTree = "<group>"; };
		4747AA3C225C009F007FA46A /* ComplicationController.h */ = {isa = PBXFileReference; lastKnownFileType = sourcecode.c.h; path = ComplicationController.h; sourceTree = "<group>"; };
		4747AA3D225C009F007FA46A /* ComplicationController.m */ = {isa = PBXFileReference; lastKnownFileType = sourcecode.c.objc; path = ComplicationController.m; sourceTree = "<group>"; };
		4747AA3F225C00A0007FA46A /* Assets.xcassets */ = {isa = PBXFileReference; lastKnownFileType = folder.assetcatalog; path = Assets.xcassets; sourceTree = "<group>"; };
		4747AA41225C00A0007FA46A /* Info.plist */ = {isa = PBXFileReference; lastKnownFileType = text.plist.xml; path = Info.plist; sourceTree = "<group>"; };
		47B74B57225D6E7D008686DB /* DiceBag.h */ = {isa = PBXFileReference; lastKnownFileType = sourcecode.c.h; path = DiceBag.h; sourceTree = "<group>"; };
		47B74B58225D6E7D008686DB /* DiceBag.m */ = {isa = PBXFileReference; lastKnownFileType = sourcecode.c.objc; path = DiceBag.m; sourceTree = "<group>"; };
		47D93CAE225C31720008FBB7 /* DiceResultRowController.h */ = {isa = PBXFileReference; lastKnownFileType = sourcecode.c.h; path = DiceResultRowController.h; sourceTree = "<group>"; };
		47D93CAF225C31720008FBB7 /* DiceResultRowController.m */ = {isa = PBXFileReference; lastKnownFileType = sourcecode.c.objc; path = DiceResultRowController.m; sourceTree = "<group>"; };
/* End PBXFileReference section */

/* Begin PBXFrameworksBuildPhase section */
		4747AA09225C009D007FA46A /* Frameworks */ = {
			isa = PBXFrameworksBuildPhase;
			buildActionMask = 2147483647;
			files = (
			);
			runOnlyForDeploymentPostprocessing = 0;
		};
		4747AA2E225C009F007FA46A /* Frameworks */ = {
			isa = PBXFrameworksBuildPhase;
			buildActionMask = 2147483647;
			files = (
			);
			runOnlyForDeploymentPostprocessing = 0;
		};
/* End PBXFrameworksBuildPhase section */

/* Begin PBXGroup section */
		4747AA03225C009D007FA46A = {
			isa = PBXGroup;
			children = (
				4747AA4F225C0108007FA46A /* Engine */,
				4747AA0E225C009E007FA46A /* Dice Bag */,
				4747AA26225C009F007FA46A /* Dice Bag WatchKit App */,
				4747AA35225C009F007FA46A /* Dice Bag WatchKit Extension */,
				4747AA0D225C009E007FA46A /* Products */,
			);
			sourceTree = "<group>";
		};
		4747AA0D225C009E007FA46A /* Products */ = {
			isa = PBXGroup;
			children = (
				4747AA0C225C009E007FA46A /* Dice Bag.app */,
				4747AA22225C009F007FA46A /* Dice Bag WatchKit App.app */,
				4747AA31225C009F007FA46A /* Dice Bag WatchKit Extension.appex */,
			);
			name = Products;
			sourceTree = "<group>";
		};
		4747AA0E225C009E007FA46A /* Dice Bag */ = {
			isa = PBXGroup;
			children = (
				4747AA0F225C009E007FA46A /* AppDelegate.h */,
				4747AA10225C009E007FA46A /* AppDelegate.m */,
				4747AA12225C009E007FA46A /* ViewController.h */,
				4747AA13225C009E007FA46A /* ViewController.m */,
				4747AA15225C009E007FA46A /* Main.storyboard */,
				4747AA18225C009F007FA46A /* Assets.xcassets */,
				4747AA1A225C009F007FA46A /* LaunchScreen.storyboard */,
				4747AA1D225C009F007FA46A /* Info.plist */,
				4747AA1E225C009F007FA46A /* main.m */,
			);
			path = "Dice Bag";
			sourceTree = "<group>";
		};
		4747AA26225C009F007FA46A /* Dice Bag WatchKit App */ = {
			isa = PBXGroup;
			children = (
				4747AA27225C009F007FA46A /* Interface.storyboard */,
				4747AA2A225C009F007FA46A /* Assets.xcassets */,
				4747AA2C225C009F007FA46A /* Info.plist */,
			);
			path = "Dice Bag WatchKit App";
			sourceTree = "<group>";
		};
		4747AA35225C009F007FA46A /* Dice Bag WatchKit Extension */ = {
			isa = PBXGroup;
			children = (
				4747AA36225C009F007FA46A /* InterfaceController.h */,
				4747AA37225C009F007FA46A /* InterfaceController.m */,
				4747AA39225C009F007FA46A /* ExtensionDelegate.h */,
				4747AA3A225C009F007FA46A /* ExtensionDelegate.m */,
				4747AA3C225C009F007FA46A /* ComplicationController.h */,
				4747AA3D225C009F007FA46A /* ComplicationController.m */,
				4747AA3F225C00A0007FA46A /* Assets.xcassets */,
				4747AA41225C00A0007FA46A /* Info.plist */,
				47D93CAE225C31720008FBB7 /* DiceResultRowController.h */,
				47D93CAF225C31720008FBB7 /* DiceResultRowController.m */,
			);
			path = "Dice Bag WatchKit Extension";
			sourceTree = "<group>";
		};
		4747AA4F225C0108007FA46A /* Engine */ = {
			isa = PBXGroup;
			children = (
				47B74B57225D6E7D008686DB /* DiceBag.h */,
				47B74B58225D6E7D008686DB /* DiceBag.m */,
			);
			path = Engine;
			sourceTree = "<group>";
		};
/* End PBXGroup section */

/* Begin PBXNativeTarget section */
		4747AA0B225C009D007FA46A /* Dice Bag */ = {
			isa = PBXNativeTarget;
			buildConfigurationList = 4747AA4C225C00A0007FA46A /* Build configuration list for PBXNativeTarget "Dice Bag" */;
			buildPhases = (
				4747AA08225C009D007FA46A /* Sources */,
				4747AA09225C009D007FA46A /* Frameworks */,
				4747AA0A225C009D007FA46A /* Resources */,
				4747AA4B225C00A0007FA46A /* Embed Watch Content */,
			);
			buildRules = (
			);
			dependencies = (
				4747AA25225C009F007FA46A /* PBXTargetDependency */,
			);
			name = "Dice Bag";
			productName = "Dice Bag";
			productReference = 4747AA0C225C009E007FA46A /* Dice Bag.app */;
			productType = "com.apple.product-type.application";
		};
		4747AA21225C009F007FA46A /* Dice Bag WatchKit App */ = {
			isa = PBXNativeTarget;
			buildConfigurationList = 4747AA48225C00A0007FA46A /* Build configuration list for PBXNativeTarget "Dice Bag WatchKit App" */;
			buildPhases = (
				4747AA20225C009F007FA46A /* Resources */,
				4747AA47225C00A0007FA46A /* Embed App Extensions */,
			);
			buildRules = (
			);
			dependencies = (
				4747AA34225C009F007FA46A /* PBXTargetDependency */,
			);
			name = "Dice Bag WatchKit App";
			productName = "Dice Bag WatchKit App";
			productReference = 4747AA22225C009F007FA46A /* Dice Bag WatchKit App.app */;
			productType = "com.apple.product-type.application.watchapp2";
		};
		4747AA30225C009F007FA46A /* Dice Bag WatchKit Extension */ = {
			isa = PBXNativeTarget;
			buildConfigurationList = 4747AA44225C00A0007FA46A /* Build configuration list for PBXNativeTarget "Dice Bag WatchKit Extension" */;
			buildPhases = (
				4747AA2D225C009F007FA46A /* Sources */,
				4747AA2E225C009F007FA46A /* Frameworks */,
				4747AA2F225C009F007FA46A /* Resources */,
			);
			buildRules = (
			);
			dependencies = (
			);
			name = "Dice Bag WatchKit Extension";
			productName = "Dice Bag WatchKit Extension";
			productReference = 4747AA31225C009F007FA46A /* Dice Bag WatchKit Extension.appex */;
			productType = "com.apple.product-type.watchkit2-extension";
		};
/* End PBXNativeTarget section */

/* Begin PBXProject section */
		4747AA04225C009D007FA46A /* Project object */ = {
			isa = PBXProject;
			attributes = {
				LastUpgradeCheck = 1020;
				ORGANIZATIONNAME = "Doug DeJulio";
				TargetAttributes = {
					4747AA0B225C009D007FA46A = {
						CreatedOnToolsVersion = 10.2;
					};
					4747AA21225C009F007FA46A = {
						CreatedOnToolsVersion = 10.2;
					};
					4747AA30225C009F007FA46A = {
						CreatedOnToolsVersion = 10.2;
					};
				};
			};
			buildConfigurationList = 4747AA07225C009D007FA46A /* Build configuration list for PBXProject "Dice Bag" */;
			compatibilityVersion = "Xcode 9.3";
			developmentRegion = en;
			hasScannedForEncodings = 0;
			knownRegions = (
				en,
				Base,
			);
			mainGroup = 4747AA03225C009D007FA46A;
			productRefGroup = 4747AA0D225C009E007FA46A /* Products */;
			projectDirPath = "";
			projectRoot = "";
			targets = (
				4747AA0B225C009D007FA46A /* Dice Bag */,
				4747AA21225C009F007FA46A /* Dice Bag WatchKit App */,
				4747AA30225C009F007FA46A /* Dice Bag WatchKit Extension */,
			);
		};
/* End PBXProject section */

/* Begin PBXResourcesBuildPhase section */
		4747AA0A225C009D007FA46A /* Resources */ = {
			isa = PBXResourcesBuildPhase;
			buildActionMask = 2147483647;
			files = (
				4747AA1C225C009F007FA46A /* LaunchScreen.storyboard in Resources */,
				4747AA19225C009F007FA46A /* Assets.xcassets in Resources */,
				4747AA17225C009E007FA46A /* Main.storyboard in Resources */,
			);
			runOnlyForDeploymentPostprocessing = 0;
		};
		4747AA20225C009F007FA46A /* Resources */ = {
			isa = PBXResourcesBuildPhase;
			buildActionMask = 2147483647;
			files = (
				4747AA2B225C009F007FA46A /* Assets.xcassets in Resources */,
				4747AA29225C009F007FA46A /* Interface.storyboard in Resources */,
			);
			runOnlyForDeploymentPostprocessing = 0;
		};
		4747AA2F225C009F007FA46A /* Resources */ = {
			isa = PBXResourcesBuildPhase;
			buildActionMask = 2147483647;
			files = (
				4747AA40225C00A0007FA46A /* Assets.xcassets in Resources */,
			);
			runOnlyForDeploymentPostprocessing = 0;
		};
/* End PBXResourcesBuildPhase section */

/* Begin PBXSourcesBuildPhase section */
		4747AA08225C009D007FA46A /* Sources */ = {
			isa = PBXSourcesBuildPhase;
			buildActionMask = 2147483647;
			files = (
				4747AA14225C009E007FA46A /* ViewController.m in Sources */,
				47B74B59225D6E7D008686DB /* DiceBag.m in Sources */,
				4747AA1F225C009F007FA46A /* main.m in Sources */,
				4747AA11225C009E007FA46A /* AppDelegate.m in Sources */,
			);
			runOnlyForDeploymentPostprocessing = 0;
		};
		4747AA2D225C009F007FA46A /* Sources */ = {
			isa = PBXSourcesBuildPhase;
			buildActionMask = 2147483647;
			files = (
				47D93CB0225C31720008FBB7 /* DiceResultRowController.m in Sources */,
				4747AA3E225C009F007FA46A /* ComplicationController.m in Sources */,
				4747AA3B225C009F007FA46A /* ExtensionDelegate.m in Sources */,
				4747AA38225C009F007FA46A /* InterfaceController.m in Sources */,
				47B74B5A225D6E7D008686DB /* DiceBag.m in Sources */,
			);
			runOnlyForDeploymentPostprocessing = 0;
		};
/* End PBXSourcesBuildPhase section */

/* Begin PBXTargetDependency section */
		4747AA25225C009F007FA46A /* PBXTargetDependency */ = {
			isa = PBXTargetDependency;
			target = 4747AA21225C009F007FA46A /* Dice Bag WatchKit App */;
			targetProxy = 4747AA24225C009F007FA46A /* PBXContainerItemProxy */;
		};
		4747AA34225C009F007FA46A /* PBXTargetDependency */ = {
			isa = PBXTargetDependency;
			target = 4747AA30225C009F007FA46A /* Dice Bag WatchKit Extension */;
			targetProxy = 4747AA33225C009F007FA46A /* PBXContainerItemProxy */;
		};
/* End PBXTargetDependency section */

/* Begin PBXVariantGroup section */
		4747AA15225C009E007FA46A /* Main.storyboard */ = {
			isa = PBXVariantGroup;
			children = (
				4747AA16225C009E007FA46A /* Base */,
			);
			name = Main.storyboard;
			sourceTree = "<group>";
		};
		4747AA1A225C009F007FA46A /* LaunchScreen.storyboard */ = {
			isa = PBXVariantGroup;
			children = (
				4747AA1B225C009F007FA46A /* Base */,
			);
			name = LaunchScreen.storyboard;
			sourceTree = "<group>";
		};
		4747AA27225C009F007FA46A /* Interface.storyboard */ = {
			isa = PBXVariantGroup;
			children = (
				4747AA28225C009F007FA46A /* Base */,
			);
			name = Interface.storyboard;
			sourceTree = "<group>";
		};
/* End PBXVariantGroup section */

/* Begin XCBuildConfiguration section */
		4747AA42225C00A0007FA46A /* Debug */ = {
			isa = XCBuildConfiguration;
			buildSettings = {
				ALWAYS_SEARCH_USER_PATHS = NO;
				CLANG_ANALYZER_NONNULL = YES;
				CLANG_ANALYZER_NUMBER_OBJECT_CONVERSION = YES_AGGRESSIVE;
				CLANG_CXX_LANGUAGE_STANDARD = "gnu++14";
				CLANG_CXX_LIBRARY = "libc++";
				CLANG_ENABLE_MODULES = YES;
				CLANG_ENABLE_OBJC_ARC = YES;
				CLANG_ENABLE_OBJC_WEAK = YES;
				CLANG_WARN_BLOCK_CAPTURE_AUTORELEASING = YES;
				CLANG_WARN_BOOL_CONVERSION = YES;
				CLANG_WARN_COMMA = YES;
				CLANG_WARN_CONSTANT_CONVERSION = YES;
				CLANG_WARN_DEPRECATED_OBJC_IMPLEMENTATIONS = YES;
				CLANG_WARN_DIRECT_OBJC_ISA_USAGE = YES_ERROR;
				CLANG_WARN_DOCUMENTATION_COMMENTS = YES;
				CLANG_WARN_EMPTY_BODY = YES;
				CLANG_WARN_ENUM_CONVERSION = YES;
				CLANG_WARN_INFINITE_RECURSION = YES;
				CLANG_WARN_INT_CONVERSION = YES;
				CLANG_WARN_NON_LITERAL_NULL_CONVERSION = YES;
				CLANG_WARN_OBJC_IMPLICIT_RETAIN_SELF = YES;
				CLANG_WARN_OBJC_LITERAL_CONVERSION = YES;
				CLANG_WARN_OBJC_ROOT_CLASS = YES_ERROR;
				CLANG_WARN_RANGE_LOOP_ANALYSIS = YES;
				CLANG_WARN_STRICT_PROTOTYPES = YES;
				CLANG_WARN_SUSPICIOUS_MOVE = YES;
				CLANG_WARN_UNGUARDED_AVAILABILITY = YES_AGGRESSIVE;
				CLANG_WARN_UNREACHABLE_CODE = YES;
				CLANG_WARN__DUPLICATE_METHOD_MATCH = YES;
				CODE_SIGN_IDENTITY = "iPhone Developer";
				COPY_PHASE_STRIP = NO;
				DEBUG_INFORMATION_FORMAT = dwarf;
				ENABLE_STRICT_OBJC_MSGSEND = YES;
				ENABLE_TESTABILITY = YES;
				GCC_C_LANGUAGE_STANDARD = gnu11;
				GCC_DYNAMIC_NO_PIC = NO;
				GCC_NO_COMMON_BLOCKS = YES;
				GCC_OPTIMIZATION_LEVEL = 0;
				GCC_PREPROCESSOR_DEFINITIONS = (
					"DEBUG=1",
					"$(inherited)",
				);
				GCC_WARN_64_TO_32_BIT_CONVERSION = YES;
				GCC_WARN_ABOUT_RETURN_TYPE = YES_ERROR;
				GCC_WARN_UNDECLARED_SELECTOR = YES;
				GCC_WARN_UNINITIALIZED_AUTOS = YES_AGGRESSIVE;
				GCC_WARN_UNUSED_FUNCTION = YES;
				GCC_WARN_UNUSED_VARIABLE = YES;
				IPHONEOS_DEPLOYMENT_TARGET = 12.2;
				MTL_ENABLE_DEBUG_INFO = INCLUDE_SOURCE;
				MTL_FAST_MATH = YES;
				ONLY_ACTIVE_ARCH = YES;
				SDKROOT = iphoneos;
			};
			name = Debug;
		};
		4747AA43225C00A0007FA46A /* Release */ = {
			isa = XCBuildConfiguration;
			buildSettings = {
				ALWAYS_SEARCH_USER_PATHS = NO;
				CLANG_ANALYZER_NONNULL = YES;
				CLANG_ANALYZER_NUMBER_OBJECT_CONVERSION = YES_AGGRESSIVE;
				CLANG_CXX_LANGUAGE_STANDARD = "gnu++14";
				CLANG_CXX_LIBRARY = "libc++";
				CLANG_ENABLE_MODULES = YES;
				CLANG_ENABLE_OBJC_ARC = YES;
				CLANG_ENABLE_OBJC_WEAK = YES;
				CLANG_WARN_BLOCK_CAPTURE_AUTORELEASING = YES;
				CLANG_WARN_BOOL_CONVERSION = YES;
				CLANG_WARN_COMMA = YES;
				CLANG_WARN_CONSTANT_CONVERSION = YES;
				CLANG_WARN_DEPRECATED_OBJC_IMPLEMENTATIONS = YES;
				CLANG_WARN_DIRECT_OBJC_ISA_USAGE = YES_ERROR;
				CLANG_WARN_DOCUMENTATION_COMMENTS = YES;
				CLANG_WARN_EMPTY_BODY = YES;
				CLANG_WARN_ENUM_CONVERSION = YES;
				CLANG_WARN_INFINITE_RECURSION = YES;
				CLANG_WARN_INT_CONVERSION = YES;
				CLANG_WARN_NON_LITERAL_NULL_CONVERSION = YES;
				CLANG_WARN_OBJC_IMPLICIT_RETAIN_SELF = YES;
				CLANG_WARN_OBJC_LITERAL_CONVERSION = YES;
				CLANG_WARN_OBJC_ROOT_CLASS = YES_ERROR;
				CLANG_WARN_RANGE_LOOP_ANALYSIS = YES;
				CLANG_WARN_STRICT_PROTOTYPES = YES;
				CLANG_WARN_SUSPICIOUS_MOVE = YES;
				CLANG_WARN_UNGUARDED_AVAILABILITY = YES_AGGRESSIVE;
				CLANG_WARN_UNREACHABLE_CODE = YES;
				CLANG_WARN__DUPLICATE_METHOD_MATCH = YES;
				CODE_SIGN_IDENTITY = "iPhone Developer";
				COPY_PHASE_STRIP = NO;
				DEBUG_INFORMATION_FORMAT = "dwarf-with-dsym";
				ENABLE_NS_ASSERTIONS = NO;
				ENABLE_STRICT_OBJC_MSGSEND = YES;
				GCC_C_LANGUAGE_STANDARD = gnu11;
				GCC_NO_COMMON_BLOCKS = YES;
				GCC_WARN_64_TO_32_BIT_CONVERSION = YES;
				GCC_WARN_ABOUT_RETURN_TYPE = YES_ERROR;
				GCC_WARN_UNDECLARED_SELECTOR = YES;
				GCC_WARN_UNINITIALIZED_AUTOS = YES_AGGRESSIVE;
				GCC_WARN_UNUSED_FUNCTION = YES;
				GCC_WARN_UNUSED_VARIABLE = YES;
				IPHONEOS_DEPLOYMENT_TARGET = 12.2;
				MTL_ENABLE_DEBUG_INFO = NO;
				MTL_FAST_MATH = YES;
				SDKROOT = iphoneos;
				VALIDATE_PRODUCT = YES;
			};
			name = Release;
		};
		4747AA45225C00A0007FA46A /* Debug */ = {
			isa = XCBuildConfiguration;
			buildSettings = {
				ASSETCATALOG_COMPILER_COMPLICATION_NAME = Complication;
				CODE_SIGN_STYLE = Automatic;
				DEVELOPMENT_TEAM = 2ZM9YDU9XJ;
				INFOPLIST_FILE = "Dice Bag WatchKit Extension/Info.plist";
				LD_RUNPATH_SEARCH_PATHS = (
					"$(inherited)",
					"@executable_path/Frameworks",
					"@executable_path/../../Frameworks",
				);
				PRODUCT_BUNDLE_IDENTIFIER = "org.aisb.Dice-Bag.watchkitapp.watchkitextension";
				PRODUCT_NAME = "${TARGET_NAME}";
				SDKROOT = watchos;
				SKIP_INSTALL = YES;
				TARGETED_DEVICE_FAMILY = 4;
				WATCHOS_DEPLOYMENT_TARGET = 5.2;
			};
			name = Debug;
		};
		4747AA46225C00A0007FA46A /* Release */ = {
			isa = XCBuildConfiguration;
			buildSettings = {
				ASSETCATALOG_COMPILER_COMPLICATION_NAME = Complication;
				CODE_SIGN_STYLE = Automatic;
				DEVELOPMENT_TEAM = 2ZM9YDU9XJ;
				INFOPLIST_FILE = "Dice Bag WatchKit Extension/Info.plist";
				LD_RUNPATH_SEARCH_PATHS = (
					"$(inherited)",
					"@executable_path/Frameworks",
					"@executable_path/../../Frameworks",
				);
				PRODUCT_BUNDLE_IDENTIFIER = "org.aisb.Dice-Bag.watchkitapp.watchkitextension";
				PRODUCT_NAME = "${TARGET_NAME}";
				SDKROOT = watchos;
				SKIP_INSTALL = YES;
				TARGETED_DEVICE_FAMILY = 4;
				WATCHOS_DEPLOYMENT_TARGET = 5.2;
			};
			name = Release;
		};
		4747AA49225C00A0007FA46A /* Debug */ = {
			isa = XCBuildConfiguration;
			buildSettings = {
				ASSETCATALOG_COMPILER_APPICON_NAME = AppIcon;
				CODE_SIGN_STYLE = Automatic;
				DEVELOPMENT_TEAM = 2ZM9YDU9XJ;
				IBSC_MODULE = Dice_Bag_WatchKit_Extension;
				INFOPLIST_FILE = "Dice Bag WatchKit App/Info.plist";
				PRODUCT_BUNDLE_IDENTIFIER = "org.aisb.Dice-Bag.watchkitapp";
				PRODUCT_NAME = "$(TARGET_NAME)";
				SDKROOT = watchos;
				SKIP_INSTALL = YES;
				TARGETED_DEVICE_FAMILY = 4;
				WATCHOS_DEPLOYMENT_TARGET = 5.2;
			};
			name = Debug;
		};
		4747AA4A225C00A0007FA46A /* Release */ = {
			isa = XCBuildConfiguration;
			buildSettings = {
				ASSETCATALOG_COMPILER_APPICON_NAME = AppIcon;
				CODE_SIGN_STYLE = Automatic;
				DEVELOPMENT_TEAM = 2ZM9YDU9XJ;
				IBSC_MODULE = Dice_Bag_WatchKit_Extension;
				INFOPLIST_FILE = "Dice Bag WatchKit App/Info.plist";
				PRODUCT_BUNDLE_IDENTIFIER = "org.aisb.Dice-Bag.watchkitapp";
				PRODUCT_NAME = "$(TARGET_NAME)";
				SDKROOT = watchos;
				SKIP_INSTALL = YES;
				TARGETED_DEVICE_FAMILY = 4;
				WATCHOS_DEPLOYMENT_TARGET = 5.2;
			};
			name = Release;
		};
		4747AA4D225C00A0007FA46A /* Debug */ = {
			isa = XCBuildConfiguration;
			buildSettings = {
				ASSETCATALOG_COMPILER_APPICON_NAME = AppIcon;
				CODE_SIGN_STYLE = Automatic;
				DEVELOPMENT_TEAM = 2ZM9YDU9XJ;
				INFOPLIST_FILE = "Dice Bag/Info.plist";
				LD_RUNPATH_SEARCH_PATHS = (
					"$(inherited)",
					"@executable_path/Frameworks",
				);
				PRODUCT_BUNDLE_IDENTIFIER = "org.aisb.Dice-Bag";
				PRODUCT_NAME = "$(TARGET_NAME)";
				TARGETED_DEVICE_FAMILY = "1,2";
			};
			name = Debug;
		};
		4747AA4E225C00A0007FA46A /* Release */ = {
			isa = XCBuildConfiguration;
			buildSettings = {
				ASSETCATALOG_COMPILER_APPICON_NAME = AppIcon;
				CODE_SIGN_STYLE = Automatic;
				DEVELOPMENT_TEAM = 2ZM9YDU9XJ;
				INFOPLIST_FILE = "Dice Bag/Info.plist";
				LD_RUNPATH_SEARCH_PATHS = (
					"$(inherited)",
					"@executable_path/Frameworks",
				);
				PRODUCT_BUNDLE_IDENTIFIER = "org.aisb.Dice-Bag";
				PRODUCT_NAME = "$(TARGET_NAME)";
				TARGETED_DEVICE_FAMILY = "1,2";
			};
			name = Release;
		};
/* End XCBuildConfiguration section */

/* Begin XCConfigurationList section */
		4747AA07225C009D007FA46A /* Build configuration list for PBXProject "Dice Bag" */ = {
			isa = XCConfigurationList;
			buildConfigurations = (
				4747AA42225C00A0007FA46A /* Debug */,
				4747AA43225C00A0007FA46A /* Release */,
			);
			defaultConfigurationIsVisible = 0;
			defaultConfigurationName = Release;
		};
		4747AA44225C00A0007FA46A /* Build configuration list for PBXNativeTarget "Dice Bag WatchKit Extension" */ = {
			isa = XCConfigurationList;
			buildConfigurations = (
				4747AA45225C00A0007FA46A /* Debug */,
				4747AA46225C00A0007FA46A /* Release */,
			);
			defaultConfigurationIsVisible = 0;
			defaultConfigurationName = Release;
		};
		4747AA48225C00A0007FA46A /* Build configuration list for PBXNativeTarget "Dice Bag WatchKit App" */ = {
			isa = XCConfigurationList;
			buildConfigurations = (
				4747AA49225C00A0007FA46A /* Debug */,
				4747AA4A225C00A0007FA46A /* Release */,
			);
			defaultConfigurationIsVisible = 0;
			defaultConfigurationName = Release;
		};
		4747AA4C225C00A0007FA46A /* Build configuration list for PBXNativeTarget "Dice Bag" */ = {
			isa = XCConfigurationList;
			buildConfigurations = (
				4747AA4D225C00A0007FA46A /* Debug */,
				4747AA4E225C00A0007FA46A /* Release */,
			);
			defaultConfigurationIsVisible = 0;
			defaultConfigurationName = Release;
		};
/* End XCConfigurationList section */
	};
	rootObject = 4747AA04225C009D007FA46A /* Project object */;
}
